
Microsoft Visual Studio Solution File, Format Version 12.00
# Visual Studio Version 17
VisualStudioVersion = 17.11.35312.102
MinimumVisualStudioVersion = 10.0.40219.1
Project("{FAE04EC0-301F-11D3-BF4B-00C04F79EFBC}") = "MauiAppMinhasCompras", "MauiAppMinhasCompras\MauiAppMinhasCompras.csproj", "{8C4DEF99-7BA3-4124-A9EC-2B257BFB191E}"
EndProject
Global
	GlobalSection(SolutionConfigurationPlatforms) = preSolution
		Debug|Any CPU = Debug|Any CPU
		Release|Any CPU = Release|Any CPU
	EndGlobalSection
	GlobalSection(ProjectConfigurationPlatforms) = postSolution
		{8C4DEF99-7BA3-4124-A9EC-2B257BFB191E}.Debug|Any CPU.ActiveCfg = Debug|Any CPU
		{8C4DEF99-7BA3-4124-A9EC-2B257BFB191E}.Debug|Any CPU.Build.0 = Debug|Any CPU
		{8C4DEF99-7BA3-4124-A9EC-2B257BFB191E}.Debug|Any CPU.Deploy.0 = Debug|Any CPU
		{8C4DEF99-7BA3-4124-A9EC-2B257BFB191E}.Release|Any CPU.ActiveCfg = Release|Any CPU
		{8C4DEF99-7BA3-4124-A9EC-2B257BFB191E}.Release|Any CPU.Build.0 = Release|Any CPU
		{8C4DEF99-7BA3-4124-A9EC-2B257BFB191E}.Release|Any CPU.Deploy.0 = Release|Any CPU
	EndGlobalSection
	GlobalSection(SolutionProperties) = preSolution
		HideSolutionNode = FALSE
	EndGlobalSection
	GlobalSection(ExtensibilityGlobals) = postSolution
		SolutionGuid = {ABE8DD2A-39CE-4BC8-BC64-69116A3BA344}
	EndGlobalSection
EndGlobal
